<?xml version="1.0" encoding="UTF-8" standalone="yes" ?>
<CodeBlocks_project_file>
	<FileVersion major="1" minor="6" />
	<Project>
		<Option title="OBU" />
		<Option pch_mode="2" />
		<Option compiler="mips_gcc_compiler" />
		<Build>
			<Target title="Release">
				<Option output="bin/Release/OBU" prefix_auto="1" extension_auto="1" />
				<Option object_output="obj/" />
				<Option type="1" />
				<Option compiler="mips_gcc_compiler" />
				<Compiler>
					<Add option="-O2" />
					<Add directory="/usr/local/include" />
					<Add directory="/usr/src/locomate-release/mips/incs" />
				</Compiler>
				<Linker>
					<Add option="-s" />
					<Add library="/usr/src/locomate-release/mips/lib/libbluetooth.so" />
					<Add library="/usr/src/locomate-release/mips/lib/libusb-1.0.so" />
					<Add library="/usr/src/locomate-release/mips/lib/libwave.so" />
					<Add library="/usr/src/locomate-release/mips/lib/libwave-encdec.so" />
					<Add directory="/usr/local/lib" />
					<Add directory="/usr/src/locomate-release/mips/lib" />
				</Linker>
			</Target>
		</Build>
		<Compiler>
			<Add option="-Wall" />
		</Compiler>
		<Unit filename="GPS_offline.c">
			<Option compilerVar="CC" />
		</Unit>
		<Unit filename="GPS_offline.h" />
		<Unit filename="MapMatch.c">
			<Option compilerVar="CC" />
		</Unit>
		<Unit filename="MapMatch.h" />
		<Unit filename="OBU.c">
			<Option compilerVar="CC" />
		</Unit>
		<Unit filename="gpsc_probe.c">
			<Option compilerVar="CC" />
		</Unit>
		<Extensions>
			<code_completion />
			<debugger />
		</Extensions>
	</Project>
</CodeBlocks_project_file>
